{
  "name": "simple-braintree-server",
  "version": "0.0.1",
  "lockfileVersion": 3,
  "requires": true,
  "packages": {
    "": {
      "name": "simple-braintree-server",
      "version": "0.0.1",
      "license": "ISC",
      "dependencies": {
        "braintree": "^3.25.0",
        "dotenv": "^16.4.5"
      },
      "engines": {
        "node": ">=18"
      }
    },
    "node_modules/@braintree/wrap-promise": {
      "version": "2.1.0",
      "license": "MIT"
    },
    "node_modules/braintree": {
      "version": "3.25.0",
      "license": "MIT",
      "dependencies": {
        "@braintree/wrap-promise": "2.1.0",
        "dateformat": "4.5.1",
        "xml2js": "0.5.0"
      },
      "engines": {
        "node": ">=10.0",
        "npm": ">=6"
      }
    },
    "node_modules/dateformat": {
      "version": "4.5.1",
      "license": "MIT",
      "engines": {
        "node": "*"
      }
    },
    "node_modules/dotenv": {
      "version": "16.4.5",
      "license": "BSD-2-Clause",
      "engines": {
        "node": ">=12"
      },
      "funding": {
        "url": "https://dotenvx.com"
      }
    },
    "node_modules/sax": {
      "version": "1.4.1",
      "license": "ISC"
    },
    "node_modules/xml2js": {
      "version": "0.5.0",
      "license": "MIT",
      "dependencies": {
        "sax": ">=0.6.0",
        "xmlbuilder": "~11.0.0"
      },
      "engines": {
        "node": ">=4.0.0"
      }
    },
    "node_modules/xmlbuilder": {
      "version": "11.0.1",
      "license": "MIT",
      "engines": {
        "node": ">=4.0"
      }
    }
  }
}
